
Microsoft Visual Studio Solution File, Format Version 12.00
# Visual Studio Version 18
VisualStudioVersion = 18.1.11304.174
MinimumVisualStudioVersion = 10.0.40219.1
Project("{FAE04EC0-301F-11D3-BF4B-00C04F79EFBC}") = "Task1_Middleware", "Task1_Middleware\Task1_Middleware.csproj", "{E496FE60-DDAE-4747-8C16-7A6A33006624}"
EndProject
Project("{FAE04EC0-301F-11D3-BF4B-00C04F79EFBC}") = "OrderProcessingServer", "W4\D3\OrderProcessingServer\OrderProcessingServer.csproj", "{48140371-F0CD-466A-8332-E7EFE042ADC3}"
EndProject
Project("{FAE04EC0-301F-11D3-BF4B-00C04F79EFBC}") = "ZeroAllocLRUCache", "ZeroAllocLRUCache\ZeroAllocLRUCache.csproj", "{0810C75A-A602-4065-9B76-E1615C79B377}"
EndProject
Project("{FAE04EC0-301F-11D3-BF4B-00C04F79EFBC}") = "InMemory Data Grid", "InMemory Data Grid\InMemory Data Grid.csproj", "{62B46611-6AE2-4C7F-8F81-8601C5F825EE}"
EndProject
Project("{2150E333-8FDC-42A3-9474-1A3956D46DE8}") = "D4", "D4", "{F6EB5E1F-1675-449F-8CCC-8390EB634278}"
EndProject
Project("{FAE04EC0-301F-11D3-BF4B-00C04F79EFBC}") = "Event Gateway", "W4\Event Gateway\Event Gateway.csproj", "{2CB0F285-4CD6-4656-8D24-D57744AC3102}"
EndProject
Project("{FAE04EC0-301F-11D3-BF4B-00C04F79EFBC}") = "Async Copy", "W5\Async Copy\Async Copy.csproj", "{1FAE8C8D-5010-404A-B82A-A12B4BE602A2}"
EndProject
Project("{FAE04EC0-301F-11D3-BF4B-00C04F79EFBC}") = "envdir", "W5\envdir\envdir.csproj", "{C50A6ACC-2D60-462E-9837-FD710E82799D}"
EndProject
Project("{FAE04EC0-301F-11D3-BF4B-00C04F79EFBC}") = "Zero Alloc Log Parser", "W5\Zero Alloc Log Parser\Zero Alloc Log Parser.csproj", "{22B9BD5A-3FC1-4F52-B6BF-BF32502788B2}"
EndProject
Project("{2150E333-8FDC-42A3-9474-1A3956D46DE8}") = "W5", "W5", "{D84DD1AD-4822-47A4-8404-A553A7F58FD3}"
EndProject
Project("{FAE04EC0-301F-11D3-BF4B-00C04F79EFBC}") = "ConfigWatcher", "W5\ConfigWatcher\ConfigWatcher.csproj", "{DC274E0B-879F-42D3-B845-C3D098C12224}"
EndProject
Project("{FAE04EC0-301F-11D3-BF4B-00C04F79EFBC}") = "Rotation Logger", "W5\Rotation Logger\Rotation Logger.csproj", "{F8E62E66-6EDB-47D8-ADCB-352A06E70578}"
EndProject
Project("{FAE04EC0-301F-11D3-BF4B-00C04F79EFBC}") = "API Key Guard", "W6\API Key Guard\API Key Guard.csproj", "{353E7EC3-AF79-4633-81A1-ACC45A1F3B43}"
EndProject
Global
	GlobalSection(SolutionConfigurationPlatforms) = preSolution
		Debug|Any CPU = Debug|Any CPU
		Debug|x64 = Debug|x64
		Debug|x86 = Debug|x86
		Release|Any CPU = Release|Any CPU
		Release|x64 = Release|x64
		Release|x86 = Release|x86
	EndGlobalSection
	GlobalSection(ProjectConfigurationPlatforms) = postSolution
		{E496FE60-DDAE-4747-8C16-7A6A33006624}.Debug|Any CPU.ActiveCfg = Debug|Any CPU
		{E496FE60-DDAE-4747-8C16-7A6A33006624}.Debug|Any CPU.Build.0 = Debug|Any CPU
		{E496FE60-DDAE-4747-8C16-7A6A33006624}.Debug|x64.ActiveCfg = Debug|Any CPU
		{E496FE60-DDAE-4747-8C16-7A6A33006624}.Debug|x64.Build.0 = Debug|Any CPU
		{E496FE60-DDAE-4747-8C16-7A6A33006624}.Debug|x86.ActiveCfg = Debug|Any CPU
		{E496FE60-DDAE-4747-8C16-7A6A33006624}.Debug|x86.Build.0 = Debug|Any CPU
		{E496FE60-DDAE-4747-8C16-7A6A33006624}.Release|Any CPU.ActiveCfg = Release|Any CPU
		{E496FE60-DDAE-4747-8C16-7A6A33006624}.Release|Any CPU.Build.0 = Release|Any CPU
		{E496FE60-DDAE-4747-8C16-7A6A33006624}.Release|x64.ActiveCfg = Release|Any CPU
		{E496FE60-DDAE-4747-8C16-7A6A33006624}.Release|x64.Build.0 = Release|Any CPU
		{E496FE60-DDAE-4747-8C16-7A6A33006624}.Release|x86.ActiveCfg = Release|Any CPU
		{E496FE60-DDAE-4747-8C16-7A6A33006624}.Release|x86.Build.0 = Release|Any CPU
		{48140371-F0CD-466A-8332-E7EFE042ADC3}.Debug|Any CPU.ActiveCfg = Debug|Any CPU
		{48140371-F0CD-466A-8332-E7EFE042ADC3}.Debug|Any CPU.Build.0 = Debug|Any CPU
		{48140371-F0CD-466A-8332-E7EFE042ADC3}.Debug|x64.ActiveCfg = Debug|Any CPU
		{48140371-F0CD-466A-8332-E7EFE042ADC3}.Debug|x64.Build.0 = Debug|Any CPU
		{48140371-F0CD-466A-8332-E7EFE042ADC3}.Debug|x86.ActiveCfg = Debug|Any CPU
		{48140371-F0CD-466A-8332-E7EFE042ADC3}.Debug|x86.Build.0 = Debug|Any CPU
		{48140371-F0CD-466A-8332-E7EFE042ADC3}.Release|Any CPU.ActiveCfg = Release|Any CPU
		{48140371-F0CD-466A-8332-E7EFE042ADC3}.Release|Any CPU.Build.0 = Release|Any CPU
		{48140371-F0CD-466A-8332-E7EFE042ADC3}.Release|x64.ActiveCfg = Release|Any CPU
		{48140371-F0CD-466A-8332-E7EFE042ADC3}.Release|x64.Build.0 = Release|Any CPU
		{48140371-F0CD-466A-8332-E7EFE042ADC3}.Release|x86.ActiveCfg = Release|Any CPU
		{48140371-F0CD-466A-8332-E7EFE042ADC3}.Release|x86.Build.0 = Release|Any CPU
		{0810C75A-A602-4065-9B76-E1615C79B377}.Debug|Any CPU.ActiveCfg = Debug|Any CPU
		{0810C75A-A602-4065-9B76-E1615C79B377}.Debug|Any CPU.Build.0 = Debug|Any CPU
		{0810C75A-A602-4065-9B76-E1615C79B377}.Debug|x64.ActiveCfg = Debug|Any CPU
		{0810C75A-A602-4065-9B76-E1615C79B377}.Debug|x64.Build.0 = Debug|Any CPU
		{0810C75A-A602-4065-9B76-E1615C79B377}.Debug|x86.ActiveCfg = Debug|Any CPU
		{0810C75A-A602-4065-9B76-E1615C79B377}.Debug|x86.Build.0 = Debug|Any CPU
		{0810C75A-A602-4065-9B76-E1615C79B377}.Release|Any CPU.ActiveCfg = Release|Any CPU
		{0810C75A-A602-4065-9B76-E1615C79B377}.Release|Any CPU.Build.0 = Release|Any CPU
		{0810C75A-A602-4065-9B76-E1615C79B377}.Release|x64.ActiveCfg = Release|Any CPU
		{0810C75A-A602-4065-9B76-E1615C79B377}.Release|x64.Build.0 = Release|Any CPU
		{0810C75A-A602-4065-9B76-E1615C79B377}.Release|x86.ActiveCfg = Release|Any CPU
		{0810C75A-A602-4065-9B76-E1615C79B377}.Release|x86.Build.0 = Release|Any CPU
		{62B46611-6AE2-4C7F-8F81-8601C5F825EE}.Debug|Any CPU.ActiveCfg = Debug|Any CPU
		{62B46611-6AE2-4C7F-8F81-8601C5F825EE}.Debug|Any CPU.Build.0 = Debug|Any CPU
		{62B46611-6AE2-4C7F-8F81-8601C5F825EE}.Debug|x64.ActiveCfg = Debug|Any CPU
		{62B46611-6AE2-4C7F-8F81-8601C5F825EE}.Debug|x64.Build.0 = Debug|Any CPU
		{62B46611-6AE2-4C7F-8F81-8601C5F825EE}.Debug|x86.ActiveCfg = Debug|Any CPU
		{62B46611-6AE2-4C7F-8F81-8601C5F825EE}.Debug|x86.Build.0 = Debug|Any CPU
		{62B46611-6AE2-4C7F-8F81-8601C5F825EE}.Release|Any CPU.ActiveCfg = Release|Any CPU
		{62B46611-6AE2-4C7F-8F81-8601C5F825EE}.Release|Any CPU.Build.0 = Release|Any CPU
		{62B46611-6AE2-4C7F-8F81-8601C5F825EE}.Release|x64.ActiveCfg = Release|Any CPU
		{62B46611-6AE2-4C7F-8F81-8601C5F825EE}.Release|x64.Build.0 = Release|Any CPU
		{62B46611-6AE2-4C7F-8F81-8601C5F825EE}.Release|x86.ActiveCfg = Release|Any CPU
		{62B46611-6AE2-4C7F-8F81-8601C5F825EE}.Release|x86.Build.0 = Release|Any CPU
		{2CB0F285-4CD6-4656-8D24-D57744AC3102}.Debug|Any CPU.ActiveCfg = Debug|Any CPU
		{2CB0F285-4CD6-4656-8D24-D57744AC3102}.Debug|Any CPU.Build.0 = Debug|Any CPU
		{2CB0F285-4CD6-4656-8D24-D57744AC3102}.Debug|x64.ActiveCfg = Debug|Any CPU
		{2CB0F285-4CD6-4656-8D24-D57744AC3102}.Debug|x64.Build.0 = Debug|Any CPU
		{2CB0F285-4CD6-4656-8D24-D57744AC3102}.Debug|x86.ActiveCfg = Debug|Any CPU
		{2CB0F285-4CD6-4656-8D24-D57744AC3102}.Debug|x86.Build.0 = Debug|Any CPU
		{2CB0F285-4CD6-4656-8D24-D57744AC3102}.Release|Any CPU.ActiveCfg = Release|Any CPU
		{2CB0F285-4CD6-4656-8D24-D57744AC3102}.Release|Any CPU.Build.0 = Release|Any CPU
		{2CB0F285-4CD6-4656-8D24-D57744AC3102}.Release|x64.ActiveCfg = Release|Any CPU
		{2CB0F285-4CD6-4656-8D24-D57744AC3102}.Release|x64.Build.0 = Release|Any CPU
		{2CB0F285-4CD6-4656-8D24-D57744AC3102}.Release|x86.ActiveCfg = Release|Any CPU
		{2CB0F285-4CD6-4656-8D24-D57744AC3102}.Release|x86.Build.0 = Release|Any CPU
		{1FAE8C8D-5010-404A-B82A-A12B4BE602A2}.Debug|Any CPU.ActiveCfg = Debug|Any CPU
		{1FAE8C8D-5010-404A-B82A-A12B4BE602A2}.Debug|Any CPU.Build.0 = Debug|Any CPU
		{1FAE8C8D-5010-404A-B82A-A12B4BE602A2}.Debug|x64.ActiveCfg = Debug|Any CPU
		{1FAE8C8D-5010-404A-B82A-A12B4BE602A2}.Debug|x64.Build.0 = Debug|Any CPU
		{1FAE8C8D-5010-404A-B82A-A12B4BE602A2}.Debug|x86.ActiveCfg = Debug|Any CPU
		{1FAE8C8D-5010-404A-B82A-A12B4BE602A2}.Debug|x86.Build.0 = Debug|Any CPU
		{1FAE8C8D-5010-404A-B82A-A12B4BE602A2}.Release|Any CPU.ActiveCfg = Release|Any CPU
		{1FAE8C8D-5010-404A-B82A-A12B4BE602A2}.Release|Any CPU.Build.0 = Release|Any CPU
		{1FAE8C8D-5010-404A-B82A-A12B4BE602A2}.Release|x64.ActiveCfg = Release|Any CPU
		{1FAE8C8D-5010-404A-B82A-A12B4BE602A2}.Release|x64.Build.0 = Release|Any CPU
		{1FAE8C8D-5010-404A-B82A-A12B4BE602A2}.Release|x86.ActiveCfg = Release|Any CPU
		{1FAE8C8D-5010-404A-B82A-A12B4BE602A2}.Release|x86.Build.0 = Release|Any CPU
		{C50A6ACC-2D60-462E-9837-FD710E82799D}.Debug|Any CPU.ActiveCfg = Debug|Any CPU
		{C50A6ACC-2D60-462E-9837-FD710E82799D}.Debug|Any CPU.Build.0 = Debug|Any CPU
		{C50A6ACC-2D60-462E-9837-FD710E82799D}.Debug|x64.ActiveCfg = Debug|Any CPU
		{C50A6ACC-2D60-462E-9837-FD710E82799D}.Debug|x64.Build.0 = Debug|Any CPU
		{C50A6ACC-2D60-462E-9837-FD710E82799D}.Debug|x86.ActiveCfg = Debug|Any CPU
		{C50A6ACC-2D60-462E-9837-FD710E82799D}.Debug|x86.Build.0 = Debug|Any CPU
		{C50A6ACC-2D60-462E-9837-FD710E82799D}.Release|Any CPU.ActiveCfg = Release|Any CPU
		{C50A6ACC-2D60-462E-9837-FD710E82799D}.Release|Any CPU.Build.0 = Release|Any CPU
		{C50A6ACC-2D60-462E-9837-FD710E82799D}.Release|x64.ActiveCfg = Release|Any CPU
		{C50A6ACC-2D60-462E-9837-FD710E82799D}.Release|x64.Build.0 = Release|Any CPU
		{C50A6ACC-2D60-462E-9837-FD710E82799D}.Release|x86.ActiveCfg = Release|Any CPU
		{C50A6ACC-2D60-462E-9837-FD710E82799D}.Release|x86.Build.0 = Release|Any CPU
		{22B9BD5A-3FC1-4F52-B6BF-BF32502788B2}.Debug|Any CPU.ActiveCfg = Debug|Any CPU
		{22B9BD5A-3FC1-4F52-B6BF-BF32502788B2}.Debug|Any CPU.Build.0 = Debug|Any CPU
		{22B9BD5A-3FC1-4F52-B6BF-BF32502788B2}.Debug|x64.ActiveCfg = Debug|Any CPU
		{22B9BD5A-3FC1-4F52-B6BF-BF32502788B2}.Debug|x64.Build.0 = Debug|Any CPU
		{22B9BD5A-3FC1-4F52-B6BF-BF32502788B2}.Debug|x86.ActiveCfg = Debug|Any CPU
		{22B9BD5A-3FC1-4F52-B6BF-BF32502788B2}.Debug|x86.Build.0 = Debug|Any CPU
		{22B9BD5A-3FC1-4F52-B6BF-BF32502788B2}.Release|Any CPU.ActiveCfg = Release|Any CPU
		{22B9BD5A-3FC1-4F52-B6BF-BF32502788B2}.Release|Any CPU.Build.0 = Release|Any CPU
		{22B9BD5A-3FC1-4F52-B6BF-BF32502788B2}.Release|x64.ActiveCfg = Release|Any CPU
		{22B9BD5A-3FC1-4F52-B6BF-BF32502788B2}.Release|x64.Build.0 = Release|Any CPU
		{22B9BD5A-3FC1-4F52-B6BF-BF32502788B2}.Release|x86.ActiveCfg = Release|Any CPU
		{22B9BD5A-3FC1-4F52-B6BF-BF32502788B2}.Release|x86.Build.0 = Release|Any CPU
		{DC274E0B-879F-42D3-B845-C3D098C12224}.Debug|Any CPU.ActiveCfg = Debug|Any CPU
		{DC274E0B-879F-42D3-B845-C3D098C12224}.Debug|Any CPU.Build.0 = Debug|Any CPU
		{DC274E0B-879F-42D3-B845-C3D098C12224}.Debug|x64.ActiveCfg = Debug|Any CPU
		{DC274E0B-879F-42D3-B845-C3D098C12224}.Debug|x64.Build.0 = Debug|Any CPU
		{DC274E0B-879F-42D3-B845-C3D098C12224}.Debug|x86.ActiveCfg = Debug|Any CPU
		{DC274E0B-879F-42D3-B845-C3D098C12224}.Debug|x86.Build.0 = Debug|Any CPU
		{DC274E0B-879F-42D3-B845-C3D098C12224}.Release|Any CPU.ActiveCfg = Release|Any CPU
		{DC274E0B-879F-42D3-B845-C3D098C12224}.Release|Any CPU.Build.0 = Release|Any CPU
		{DC274E0B-879F-42D3-B845-C3D098C12224}.Release|x64.ActiveCfg = Release|Any CPU
		{DC274E0B-879F-42D3-B845-C3D098C12224}.Release|x64.Build.0 = Release|Any CPU
		{DC274E0B-879F-42D3-B845-C3D098C12224}.Release|x86.ActiveCfg = Release|Any CPU
		{DC274E0B-879F-42D3-B845-C3D098C12224}.Release|x86.Build.0 = Release|Any CPU
		{F8E62E66-6EDB-47D8-ADCB-352A06E70578}.Debug|Any CPU.ActiveCfg = Debug|Any CPU
		{F8E62E66-6EDB-47D8-ADCB-352A06E70578}.Debug|Any CPU.Build.0 = Debug|Any CPU
		{F8E62E66-6EDB-47D8-ADCB-352A06E70578}.Debug|x64.ActiveCfg = Debug|Any CPU
		{F8E62E66-6EDB-47D8-ADCB-352A06E70578}.Debug|x64.Build.0 = Debug|Any CPU
		{F8E62E66-6EDB-47D8-ADCB-352A06E70578}.Debug|x86.ActiveCfg = Debug|Any CPU
		{F8E62E66-6EDB-47D8-ADCB-352A06E70578}.Debug|x86.Build.0 = Debug|Any CPU
		{F8E62E66-6EDB-47D8-ADCB-352A06E70578}.Release|Any CPU.ActiveCfg = Release|Any CPU
		{F8E62E66-6EDB-47D8-ADCB-352A06E70578}.Release|Any CPU.Build.0 = Release|Any CPU
		{F8E62E66-6EDB-47D8-ADCB-352A06E70578}.Release|x64.ActiveCfg = Release|Any CPU
		{F8E62E66-6EDB-47D8-ADCB-352A06E70578}.Release|x64.Build.0 = Release|Any CPU
		{F8E62E66-6EDB-47D8-ADCB-352A06E70578}.Release|x86.ActiveCfg = Release|Any CPU
		{F8E62E66-6EDB-47D8-ADCB-352A06E70578}.Release|x86.Build.0 = Release|Any CPU
		{353E7EC3-AF79-4633-81A1-ACC45A1F3B43}.Debug|Any CPU.ActiveCfg = Debug|Any CPU
		{353E7EC3-AF79-4633-81A1-ACC45A1F3B43}.Debug|Any CPU.Build.0 = Debug|Any CPU
		{353E7EC3-AF79-4633-81A1-ACC45A1F3B43}.Debug|x64.ActiveCfg = Debug|Any CPU
		{353E7EC3-AF79-4633-81A1-ACC45A1F3B43}.Debug|x64.Build.0 = Debug|Any CPU
		{353E7EC3-AF79-4633-81A1-ACC45A1F3B43}.Debug|x86.ActiveCfg = Debug|Any CPU
		{353E7EC3-AF79-4633-81A1-ACC45A1F3B43}.Debug|x86.Build.0 = Debug|Any CPU
		{353E7EC3-AF79-4633-81A1-ACC45A1F3B43}.Release|Any CPU.ActiveCfg = Release|Any CPU
		{353E7EC3-AF79-4633-81A1-ACC45A1F3B43}.Release|Any CPU.Build.0 = Release|Any CPU
		{353E7EC3-AF79-4633-81A1-ACC45A1F3B43}.Release|x64.ActiveCfg = Release|Any CPU
		{353E7EC3-AF79-4633-81A1-ACC45A1F3B43}.Release|x64.Build.0 = Release|Any CPU
		{353E7EC3-AF79-4633-81A1-ACC45A1F3B43}.Release|x86.ActiveCfg = Release|Any CPU
		{353E7EC3-AF79-4633-81A1-ACC45A1F3B43}.Release|x86.Build.0 = Release|Any CPU
	EndGlobalSection
	GlobalSection(SolutionProperties) = preSolution
		HideSolutionNode = FALSE
	EndGlobalSection
	GlobalSection(NestedProjects) = preSolution
		{48140371-F0CD-466A-8332-E7EFE042ADC3} = {F6EB5E1F-1675-449F-8CCC-8390EB634278}
		{0810C75A-A602-4065-9B76-E1615C79B377} = {F6EB5E1F-1675-449F-8CCC-8390EB634278}
		{62B46611-6AE2-4C7F-8F81-8601C5F825EE} = {F6EB5E1F-1675-449F-8CCC-8390EB634278}
		{2CB0F285-4CD6-4656-8D24-D57744AC3102} = {F6EB5E1F-1675-449F-8CCC-8390EB634278}
		{1FAE8C8D-5010-404A-B82A-A12B4BE602A2} = {D84DD1AD-4822-47A4-8404-A553A7F58FD3}
		{C50A6ACC-2D60-462E-9837-FD710E82799D} = {D84DD1AD-4822-47A4-8404-A553A7F58FD3}
		{22B9BD5A-3FC1-4F52-B6BF-BF32502788B2} = {D84DD1AD-4822-47A4-8404-A553A7F58FD3}
		{DC274E0B-879F-42D3-B845-C3D098C12224} = {D84DD1AD-4822-47A4-8404-A553A7F58FD3}
		{F8E62E66-6EDB-47D8-ADCB-352A06E70578} = {D84DD1AD-4822-47A4-8404-A553A7F58FD3}
	EndGlobalSection
	GlobalSection(ExtensibilityGlobals) = postSolution
		SolutionGuid = {9EA20B46-3551-4AD8-9404-A3DF408476D8}
	EndGlobalSection
EndGlobal
